
Microsoft Visual Studio Solution File, Format Version 12.00
# Visual Studio 15
VisualStudioVersion = 15.0.27428.2037
MinimumVisualStudioVersion = 10.0.40219.1
Project("{FAE04EC0-301F-11D3-BF4B-00C04F79EFBC}") = "BankaHesaplari", "BankaHesaplari\BankaHesaplari.csproj", "{59E21210-060B-4C7F-AEA1-3A0DF5BCD0FD}"
EndProject
Global
	GlobalSection(SolutionConfigurationPlatforms) = preSolution
		Debug|Any CPU = Debug|Any CPU
		Release|Any CPU = Release|Any CPU
	EndGlobalSection
	GlobalSection(ProjectConfigurationPlatforms) = postSolution
		{59E21210-060B-4C7F-AEA1-3A0DF5BCD0FD}.Debug|Any CPU.ActiveCfg = Debug|Any CPU
		{59E21210-060B-4C7F-AEA1-3A0DF5BCD0FD}.Debug|Any CPU.Build.0 = Debug|Any CPU
		{59E21210-060B-4C7F-AEA1-3A0DF5BCD0FD}.Release|Any CPU.ActiveCfg = Release|Any CPU
		{59E21210-060B-4C7F-AEA1-3A0DF5BCD0FD}.Release|Any CPU.Build.0 = Release|Any CPU
	EndGlobalSection
	GlobalSection(SolutionProperties) = preSolution
		HideSolutionNode = FALSE
	EndGlobalSection
	GlobalSection(ExtensibilityGlobals) = postSolution
		SolutionGuid = {F5B2B8FF-557B-422E-97DA-B4102444707A}
	EndGlobalSection
EndGlobal
